
Microsoft Visual Studio Solution File, Format Version 12.00
# Visual Studio Version 17
VisualStudioVersion = 17.14.36109.1 d17.14
MinimumVisualStudioVersion = 10.0.40219.1
Project("{FAE04EC0-301F-11D3-BF4B-00C04F79EFBC}") = "Synera_Addin", "Synera_Addin\Synera_Addin.csproj", "{A44396EB-6FA1-4863-A4F1-4FF9B575B5E4}"
EndProject
Global
	GlobalSection(SolutionConfigurationPlatforms) = preSolution
		Debug|Any CPU = Debug|Any CPU
		Release|Any CPU = Release|Any CPU
	EndGlobalSection
	GlobalSection(ProjectConfigurationPlatforms) = postSolution
		{A44396EB-6FA1-4863-A4F1-4FF9B575B5E4}.Debug|Any CPU.ActiveCfg = Debug|Any CPU
		{A44396EB-6FA1-4863-A4F1-4FF9B575B5E4}.Debug|Any CPU.Build.0 = Debug|Any CPU
		{A44396EB-6FA1-4863-A4F1-4FF9B575B5E4}.Release|Any CPU.ActiveCfg = Release|Any CPU
		{A44396EB-6FA1-4863-A4F1-4FF9B575B5E4}.Release|Any CPU.Build.0 = Release|Any CPU
	EndGlobalSection
	GlobalSection(SolutionProperties) = preSolution
		HideSolutionNode = FALSE
	EndGlobalSection
	GlobalSection(ExtensibilityGlobals) = postSolution
		SolutionGuid = {4910B7FB-B976-4C42-8F27-DF6C23434962}
	EndGlobalSection
EndGlobal
